{
  "name": "@ikerbede/games/code-names",
  "version": "0.0.1",
  "lockfileVersion": 1,
  "requires": true,
  "dependencies": {
    "@angular/material": {
      "version": "13.3.7",
      "resolved": "https://registry.npmjs.org/@angular/material/-/material-13.3.7.tgz",
      "integrity": "sha512-CXdLvohaxl3Nii6I70pEJX2FZRRkBPNiocUNP39hFHXf2PW/eNYCN8TS5DG2uOAaR2wyPwrXrU95mDjgvlqXqQ==",
      "requires": {
        "tslib": "^2.3.0"
      }
    },
    "tslib": {
      "version": "2.4.0",
      "resolved": "https://registry.npmjs.org/tslib/-/tslib-2.4.0.tgz",
      "integrity": "sha512-d6xOpEDfsi2CZVlPQzGeux8XMwLT9hssAsaPYExaQMuYskwb+x1x7J371tWlbBdWHroy99KnVB6qIkUbs5X3UQ=="
    }
  }
}
